
Microsoft Visual Studio Solution File, Format Version 12.00
# Visual Studio Version 17
VisualStudioVersion = 17.0.31903.59
MinimumVisualStudioVersion = 10.0.40219.1
Project("{2150E333-8FDC-42A3-9474-1A3956D46DE8}") = "src", "src", "{851DC16E-B973-46C8-9003-6EB4957BCB3C}"
EndProject
Project("{FAE04EC0-301F-11D3-BF4B-00C04F79EFBC}") = "CalcCal.API", "src\CalcCal.API\CalcCal.API.csproj", "{4BA72EA5-9C91-4116-930F-BCEC8239666D}"
EndProject
Project("{FAE04EC0-301F-11D3-BF4B-00C04F79EFBC}") = "CalcCal.Application", "src\CalcCal.Application\CalcCal.Application.csproj", "{77B53056-122F-41C4-9BD9-EFC5CD70ECBA}"
EndProject
Project("{FAE04EC0-301F-11D3-BF4B-00C04F79EFBC}") = "CalcCal.Domain", "src\CalcCal.Domain\CalcCal.Domain.csproj", "{D98E8FE0-3368-4F91-8D39-14CD45556893}"
EndProject
Project("{FAE04EC0-301F-11D3-BF4B-00C04F79EFBC}") = "CalcCal.Infrastructure", "src\CalcCal.Infrastructure\CalcCal.Infrastructure.csproj", "{2341624A-9238-4986-8A21-9AB863A75523}"
EndProject
Global
	GlobalSection(SolutionConfigurationPlatforms) = preSolution
		Debug|Any CPU = Debug|Any CPU
		Release|Any CPU = Release|Any CPU
	EndGlobalSection
	GlobalSection(SolutionProperties) = preSolution
		HideSolutionNode = FALSE
	EndGlobalSection
	GlobalSection(ProjectConfigurationPlatforms) = postSolution
		{4BA72EA5-9C91-4116-930F-BCEC8239666D}.Debug|Any CPU.ActiveCfg = Debug|Any CPU
		{4BA72EA5-9C91-4116-930F-BCEC8239666D}.Debug|Any CPU.Build.0 = Debug|Any CPU
		{4BA72EA5-9C91-4116-930F-BCEC8239666D}.Release|Any CPU.ActiveCfg = Release|Any CPU
		{4BA72EA5-9C91-4116-930F-BCEC8239666D}.Release|Any CPU.Build.0 = Release|Any CPU
		{77B53056-122F-41C4-9BD9-EFC5CD70ECBA}.Debug|Any CPU.ActiveCfg = Debug|Any CPU
		{77B53056-122F-41C4-9BD9-EFC5CD70ECBA}.Debug|Any CPU.Build.0 = Debug|Any CPU
		{77B53056-122F-41C4-9BD9-EFC5CD70ECBA}.Release|Any CPU.ActiveCfg = Release|Any CPU
		{77B53056-122F-41C4-9BD9-EFC5CD70ECBA}.Release|Any CPU.Build.0 = Release|Any CPU
		{D98E8FE0-3368-4F91-8D39-14CD45556893}.Debug|Any CPU.ActiveCfg = Debug|Any CPU
		{D98E8FE0-3368-4F91-8D39-14CD45556893}.Debug|Any CPU.Build.0 = Debug|Any CPU
		{D98E8FE0-3368-4F91-8D39-14CD45556893}.Release|Any CPU.ActiveCfg = Release|Any CPU
		{D98E8FE0-3368-4F91-8D39-14CD45556893}.Release|Any CPU.Build.0 = Release|Any CPU
		{2341624A-9238-4986-8A21-9AB863A75523}.Debug|Any CPU.ActiveCfg = Debug|Any CPU
		{2341624A-9238-4986-8A21-9AB863A75523}.Debug|Any CPU.Build.0 = Debug|Any CPU
		{2341624A-9238-4986-8A21-9AB863A75523}.Release|Any CPU.ActiveCfg = Release|Any CPU
		{2341624A-9238-4986-8A21-9AB863A75523}.Release|Any CPU.Build.0 = Release|Any CPU
	EndGlobalSection
	GlobalSection(NestedProjects) = preSolution
		{4BA72EA5-9C91-4116-930F-BCEC8239666D} = {851DC16E-B973-46C8-9003-6EB4957BCB3C}
		{77B53056-122F-41C4-9BD9-EFC5CD70ECBA} = {851DC16E-B973-46C8-9003-6EB4957BCB3C}
		{D98E8FE0-3368-4F91-8D39-14CD45556893} = {851DC16E-B973-46C8-9003-6EB4957BCB3C}
		{2341624A-9238-4986-8A21-9AB863A75523} = {851DC16E-B973-46C8-9003-6EB4957BCB3C}
	EndGlobalSection
EndGlobal
